
Microsoft Visual Studio Solution File, Format Version 12.00
# Visual Studio Version 17
VisualStudioVersion = 17.13.35913.81 d17.13
MinimumVisualStudioVersion = 10.0.40219.1
Project("{888888A0-9F3D-457C-B088-3A5042F75D52}") = "eisenhowermatrix", "eisenhowermatrix.pyproj", "{1FC9B720-60CB-41F8-9E7A-7C57C0702671}"
EndProject
Global
	GlobalSection(SolutionConfigurationPlatforms) = preSolution
		Debug|Any CPU = Debug|Any CPU
		Release|Any CPU = Release|Any CPU
	EndGlobalSection
	GlobalSection(ProjectConfigurationPlatforms) = postSolution
		{1FC9B720-60CB-41F8-9E7A-7C57C0702671}.Debug|Any CPU.ActiveCfg = Debug|Any CPU
		{1FC9B720-60CB-41F8-9E7A-7C57C0702671}.Release|Any CPU.ActiveCfg = Release|Any CPU
	EndGlobalSection
	GlobalSection(SolutionProperties) = preSolution
		HideSolutionNode = FALSE
	EndGlobalSection
	GlobalSection(ExtensibilityGlobals) = postSolution
		SolutionGuid = {977819C4-E78A-42E9-830D-6920E12AE338}
	EndGlobalSection
EndGlobal
